
Microsoft Visual Studio Solution File, Format Version 12.00
# Visual Studio 15
VisualStudioVersion = 15.0.27703.2000
MinimumVisualStudioVersion = 10.0.40219.1
Project("{8BC9CEB8-8B4A-11D0-8D11-00A0C91BC942}") = "Menu", "Menu\Menu.vcxproj", "{6FD88760-9D9B-47B2-B85F-783276418E1A}"
EndProject
Global
	GlobalSection(SolutionConfigurationPlatforms) = preSolution
		Debug|x64 = Debug|x64
		Debug|x86 = Debug|x86
		Release|x64 = Release|x64
		Release|x86 = Release|x86
	EndGlobalSection
	GlobalSection(ProjectConfigurationPlatforms) = postSolution
		{6FD88760-9D9B-47B2-B85F-783276418E1A}.Debug|x64.ActiveCfg = Debug|x64
		{6FD88760-9D9B-47B2-B85F-783276418E1A}.Debug|x64.Build.0 = Debug|x64
		{6FD88760-9D9B-47B2-B85F-783276418E1A}.Debug|x86.ActiveCfg = Debug|Win32
		{6FD88760-9D9B-47B2-B85F-783276418E1A}.Debug|x86.Build.0 = Debug|Win32
		{6FD88760-9D9B-47B2-B85F-783276418E1A}.Release|x64.ActiveCfg = Release|x64
		{6FD88760-9D9B-47B2-B85F-783276418E1A}.Release|x64.Build.0 = Release|x64
		{6FD88760-9D9B-47B2-B85F-783276418E1A}.Release|x86.ActiveCfg = Release|Win32
		{6FD88760-9D9B-47B2-B85F-783276418E1A}.Release|x86.Build.0 = Release|Win32
	EndGlobalSection
	GlobalSection(SolutionProperties) = preSolution
		HideSolutionNode = FALSE
	EndGlobalSection
	GlobalSection(ExtensibilityGlobals) = postSolution
		SolutionGuid = {F1ECE8EA-C1C6-4115-BED4-7B4E7AC8067D}
	EndGlobalSection
EndGlobal
